github.com/mdw-go/testing v1.5.0 h1:o7uprSvVM61lSpnLOKNJ/joFq7zCvm7kwAJ948exV2o=
github.com/mdw-go/testing v1.5.0/go.mod h1:PpDrOp7WpQjh7nREEh8v0d7DZDA4Y/ffLEh/ixCGLlY=
github.com/yuin/goldmark v1.7.8 h1:iERMLn0/QJeHFhxSt3p6PeN9mGnvIKSpG9YYorDMnic=
github.com/yuin/goldmark v1.7.8/go.mod h1:uzxRWxtg69N339t3louHJ7+O03ezfj6PlliRlaOzY1E=
